{
  "name": "example-project",
  "version": "1.0.0",
  "lockfileVersion": 2,
  "requires": true,
  "packages": {
    "": {
      "name": "example-project",
      "version": "1.0.0",
      "license": "ISC",
      "dependencies": {
        "docs-config": "../"
      }
    },
    "..": {
      "name": "docs-config",
      "bin": {
        "docs-config": "runner.js"
      },
      "peerDependencies": {
        "docdash": "github:rajatWipfli/docdash",
        "jsdoc": "^3.6.10"
      }
    },
    "node_modules/docs-config": {
      "resolved": "..",
      "link": true
    }
  },
  "dependencies": {
    "docs-config": {
      "version": "file:..",
      "requires": {}
    }
  }
}
